Microsoft Visual Studio Solution File, Format Version 12.00
# Visual Studio Version 17
VisualStudioVersion = 17.5.2.0
MinimumVisualStudioVersion = 10.0.40219.1
Project("{2150E333-8FDC-42A3-9474-1A3956D46DE8}") = "docker", "docker", "{5F3F916C-0321-8A9F-8AC0-501F442D9F72}"
EndProject
Project("{2150E333-8FDC-42A3-9474-1A3956D46DE8}") = "backend", "backend", "{15D17D97-7C79-B063-558F-54284E2CE8FD}"
EndProject
Project("{FAE04EC0-301F-11D3-BF4B-00C04F79EFBC}") = "GymFlow.WebAPI", "docker\backend\GymFlow.WebAPI.csproj", "{0CB508F1-A95D-DBCD-F425-20D6D8824F97}"
EndProject
Global
	GlobalSection(SolutionConfigurationPlatforms) = preSolution
		Debug|Any CPU = Debug|Any CPU
		Release|Any CPU = Release|Any CPU
	EndGlobalSection
	GlobalSection(ProjectConfigurationPlatforms) = postSolution
		{0CB508F1-A95D-DBCD-F425-20D6D8824F97}.Debug|Any CPU.ActiveCfg = Debug|Any CPU
		{0CB508F1-A95D-DBCD-F425-20D6D8824F97}.Debug|Any CPU.Build.0 = Debug|Any CPU
		{0CB508F1-A95D-DBCD-F425-20D6D8824F97}.Release|Any CPU.ActiveCfg = Release|Any CPU
		{0CB508F1-A95D-DBCD-F425-20D6D8824F97}.Release|Any CPU.Build.0 = Release|Any CPU
	EndGlobalSection
	GlobalSection(SolutionProperties) = preSolution
		HideSolutionNode = FALSE
	EndGlobalSection
	GlobalSection(NestedProjects) = preSolution
		{15D17D97-7C79-B063-558F-54284E2CE8FD} = {5F3F916C-0321-8A9F-8AC0-501F442D9F72}
		{0CB508F1-A95D-DBCD-F425-20D6D8824F97} = {15D17D97-7C79-B063-558F-54284E2CE8FD}
	EndGlobalSection
	GlobalSection(ExtensibilityGlobals) = postSolution
		SolutionGuid = {29099638-F2AA-46D1-8DF6-4125146992C6}
	EndGlobalSection
EndGlobal
